
Microsoft Visual Studio Solution File, Format Version 12.00
# Visual Studio Version 17
VisualStudioVersion = 17.5.33424.131
MinimumVisualStudioVersion = 10.0.40219.1
Project("{FAE04EC0-301F-11D3-BF4B-00C04F79EFBC}") = "DTP9_MUD_WPF_stub", "DTP9_MUD_WPF_stub.csproj", "{1AF85972-64E8-4FAE-80D0-34198DD2F082}"
EndProject
Global
	GlobalSection(SolutionConfigurationPlatforms) = preSolution
		Debug|Any CPU = Debug|Any CPU
		Release|Any CPU = Release|Any CPU
	EndGlobalSection
	GlobalSection(ProjectConfigurationPlatforms) = postSolution
		{1AF85972-64E8-4FAE-80D0-34198DD2F082}.Debug|Any CPU.ActiveCfg = Debug|Any CPU
		{1AF85972-64E8-4FAE-80D0-34198DD2F082}.Debug|Any CPU.Build.0 = Debug|Any CPU
		{1AF85972-64E8-4FAE-80D0-34198DD2F082}.Release|Any CPU.ActiveCfg = Release|Any CPU
		{1AF85972-64E8-4FAE-80D0-34198DD2F082}.Release|Any CPU.Build.0 = Release|Any CPU
	EndGlobalSection
	GlobalSection(SolutionProperties) = preSolution
		HideSolutionNode = FALSE
	EndGlobalSection
	GlobalSection(ExtensibilityGlobals) = postSolution
		SolutionGuid = {8A8E7167-714C-4235-A55B-7B2E124236EC}
	EndGlobalSection
EndGlobal
